
Microsoft Visual Studio Solution File, Format Version 12.00
# Visual Studio Version 17
VisualStudioVersion = 17.6.33717.318
MinimumVisualStudioVersion = 10.0.40219.1
Project("{FAE04EC0-301F-11D3-BF4B-00C04F79EFBC}") = "Penitenciaria", "Penitenciaria\Penitenciaria.csproj", "{7444FF69-171A-459C-B84D-BFDE05733C5C}"
EndProject
Global
	GlobalSection(SolutionConfigurationPlatforms) = preSolution
		Debug|Any CPU = Debug|Any CPU
		Release|Any CPU = Release|Any CPU
	EndGlobalSection
	GlobalSection(ProjectConfigurationPlatforms) = postSolution
		{7444FF69-171A-459C-B84D-BFDE05733C5C}.Debug|Any CPU.ActiveCfg = Debug|Any CPU
		{7444FF69-171A-459C-B84D-BFDE05733C5C}.Debug|Any CPU.Build.0 = Debug|Any CPU
		{7444FF69-171A-459C-B84D-BFDE05733C5C}.Release|Any CPU.ActiveCfg = Release|Any CPU
		{7444FF69-171A-459C-B84D-BFDE05733C5C}.Release|Any CPU.Build.0 = Release|Any CPU
	EndGlobalSection
	GlobalSection(SolutionProperties) = preSolution
		HideSolutionNode = FALSE
	EndGlobalSection
	GlobalSection(ExtensibilityGlobals) = postSolution
		SolutionGuid = {0A28A201-A266-471B-88E6-27D563B3069F}
	EndGlobalSection
EndGlobal
